// !$*UTF8*$!
{
	archiveVersion = 1;
	classes = {
	};
	objectVersion = 50;
	objects = {

/* Begin PBXBuildFile section */
		D93499962417C86C00D07F2F /* AppDelegate.swift in Sources */ = {isa = PBXBuildFile; fileRef = D93499952417C86C00D07F2F /* AppDelegate.swift */; };
		D93499982417C86C00D07F2F /* SceneDelegate.swift in Sources */ = {isa = PBXBuildFile; fileRef = D93499972417C86C00D07F2F /* SceneDelegate.swift */; };
		D934999A2417C86C00D07F2F /* RiddleViewController.swift in Sources */ = {isa = PBXBuildFile; fileRef = D93499992417C86C00D07F2F /* RiddleViewController.swift */; };
		D934999D2417C86C00D07F2F /* Main.storyboard in Resources */ = {isa = PBXBuildFile; fileRef = D934999B2417C86C00D07F2F /* Main.storyboard */; };
		D934999F2417C86D00D07F2F /* Assets.xcassets in Resources */ = {isa = PBXBuildFile; fileRef = D934999E2417C86D00D07F2F /* Assets.xcassets */; };
		D93499A22417C86D00D07F2F /* LaunchScreen.storyboard in Resources */ = {isa = PBXBuildFile; fileRef = D93499A02417C86D00D07F2F /* LaunchScreen.storyboard */; };
		D9FBE7DD2417D3CF00813FF6 /* Riddle.swift in Sources */ = {isa = PBXBuildFile; fileRef = D9FBE7DC2417D3CF00813FF6 /* Riddle.swift */; };
		D9FBE7DF2417D40E00813FF6 /* AnswerViewController.swift in Sources */ = {isa = PBXBuildFile; fileRef = D9FBE7DE2417D40E00813FF6 /* AnswerViewController.swift */; };
/* End PBXBuildFile section */

/* Begin PBXFileReference section */
		D93499922417C86C00D07F2F /* TahirUzun_Assignment8.app */ = {isa = PBXFileReference; explicitFileType = wrapper.application; includeInIndex = 0; path = TahirUzun_Assignment8.app; sourceTree = BUILT_PRODUCTS_DIR; };
		D93499952417C86C00D07F2F /* AppDelegate.swift */ = {isa = PBXFileReference; lastKnownFileType = sourcecode.swift; path = AppDelegate.swift; sourceTree = "<group>"; };
		D93499972417C86C00D07F2F /* SceneDelegate.swift */ = {isa = PBXFileReference; lastKnownFileType = sourcecode.swift; path = SceneDelegate.swift; sourceTree = "<group>"; };
		D93499992417C86C00D07F2F /* RiddleViewController.swift */ = {isa = PBXFileReference; lastKnownFileType = sourcecode.swift; path = RiddleViewController.swift; sourceTree = "<group>"; };
		D934999C2417C86C00D07F2F /* Base */ = {isa = PBXFileReference; lastKnownFileType = file.storyboard; name = Base; path = Base.lproj/Main.storyboard; sourceTree = "<group>"; };
		D934999E2417C86D00D07F2F /* Assets.xcassets */ = {isa = PBXFileReference; lastKnownFileType = folder.assetcatalog; path = Assets.xcassets; sourceTree = "<group>"; };
		D93499A12417C86D00D07F2F /* Base */ = {isa = PBXFileReference; lastKnownFileType = file.storyboard; name = Base; path = Base.lproj/LaunchScreen.storyboard; sourceTree = "<group>"; };
		D93499A32417C86D00D07F2F /* Info.plist */ = {isa = PBXFileReference; lastKnownFileType = text.plist.xml; path = Info.plist; sourceTree = "<group>"; };
		D9FBE7DC2417D3CF00813FF6 /* Riddle.swift */ = {isa = PBXFileReference; lastKnownFileType = sourcecode.swift; path = Riddle.swift; sourceTree = "<group>"; };
		D9FBE7DE2417D40E00813FF6 /* AnswerViewController.swift */ = {isa = PBXFileReference; lastKnownFileType = sourcecode.swift; path = AnswerViewController.swift; sourceTree = "<group>"; };
/* End PBXFileReference section */

/* Begin PBXFrameworksBuildPhase section */
		D934998F2417C86C00D07F2F /* Frameworks */ = {
			isa = PBXFrameworksBuildPhase;
			buildActionMask = 2147483647;
			files = (
			);
			runOnlyForDeploymentPostprocessing = 0;
		};
/* End PBXFrameworksBuildPhase section */

/* Begin PBXGroup section */
		D93499892417C86C00D07F2F = {
			isa = PBXGroup;
			children = (
				D93499942417C86C00D07F2F /* TahirUzun_Assignment8 */,
				D93499932417C86C00D07F2F /* Products */,
			);
			sourceTree = "<group>";
		};
		D93499932417C86C00D07F2F /* Products */ = {
			isa = PBXGroup;
			children = (
				D93499922417C86C00D07F2F /* TahirUzun_Assignment8.app */,
			);
			name = Products;
			sourceTree = "<group>";
		};
		D93499942417C86C00D07F2F /* TahirUzun_Assignment8 */ = {
			isa = PBXGroup;
			children = (
				D93499952417C86C00D07F2F /* AppDelegate.swift */,
				D93499972417C86C00D07F2F /* SceneDelegate.swift */,
				D9FBE7DC2417D3CF00813FF6 /* Riddle.swift */,
				D93499992417C86C00D07F2F /* RiddleViewController.swift */,
				D9FBE7DE2417D40E00813FF6 /* AnswerViewController.swift */,
				D934999B2417C86C00D07F2F /* Main.storyboard */,
				D934999E2417C86D00D07F2F /* Assets.xcassets */,
				D93499A02417C86D00D07F2F /* LaunchScreen.storyboard */,
				D93499A32417C86D00D07F2F /* Info.plist */,
			);
			path = TahirUzun_Assignment8;
			sourceTree = "<group>";
		};
/* End PBXGroup section */

/* Begin PBXNativeTarget section */
		D93499912417C86C00D07F2F /* TahirUzun_Assignment8 */ = {
			isa = PBXNativeTarget;
			buildConfigurationList = D93499A62417C86D00D07F2F /* Build configuration list for PBXNativeTarget "TahirUzun_Assignment8" */;
			buildPhases = (
				D934998E2417C86C00D07F2F /* Sources */,
				D934998F2417C86C00D07F2F /* Frameworks */,
				D93499902417C86C00D07F2F /* Resources */,
			);
			buildRules = (
			);
			dependencies = (
			);
			name = TahirUzun_Assignment8;
			productName = TahirUzun_Assignment8;
			productReference = D93499922417C86C00D07F2F /* TahirUzun_Assignment8.app */;
			productType = "com.apple.product-type.application";
		};
/* End PBXNativeTarget section */

/* Begin PBXProject section */
		D934998A2417C86C00D07F2F /* Project object */ = {
			isa = PBXProject;
			attributes = {
				LastSwiftUpdateCheck = 1130;
				LastUpgradeCheck = 1130;
				ORGANIZATIONNAME = "Tahir Uzun";
				TargetAttributes = {
					D93499912417C86C00D07F2F = {
						CreatedOnToolsVersion = 11.3.1;
					};
				};
			};
			buildConfigurationList = D934998D2417C86C00D07F2F /* Build configuration list for PBXProject "TahirUzun_Assignment8" */;
			compatibilityVersion = "Xcode 9.3";
			developmentRegion = en;
			hasScannedForEncodings = 0;
			knownRegions = (
				en,
				Base,
			);
			mainGroup = D93499892417C86C00D07F2F;
			productRefGroup = D93499932417C86C00D07F2F /* Products */;
			projectDirPath = "";
			projectRoot = "";
			targets = (
				D93499912417C86C00D07F2F /* TahirUzun_Assignment8 */,
			);
		};
/* End PBXProject section */

/* Begin PBXResourcesBuildPhase section */
		D93499902417C86C00D07F2F /* Resources */ = {
			isa = PBXResourcesBuildPhase;
			buildActionMask = 2147483647;
			files = (
				D93499A22417C86D00D07F2F /* LaunchScreen.storyboard in Resources */,
				D934999F2417C86D00D07F2F /* Assets.xcassets in Resources */,
				D934999D2417C86C00D07F2F /* Main.storyboard in Resources */,
			);
			runOnlyForDeploymentPostprocessing = 0;
		};
/* End PBXResourcesBuildPhase section */

/* Begin PBXSourcesBuildPhase section */
		D934998E2417C86C00D07F2F /* Sources */ = {
			isa = PBXSourcesBuildPhase;
			buildActionMask = 2147483647;
			files = (
				D934999A2417C86C00D07F2F /* RiddleViewController.swift in Sources */,
				D93499962417C86C00D07F2F /* AppDelegate.swift in Sources */,
				D9FBE7DF2417D40E00813FF6 /* AnswerViewController.swift in Sources */,
				D93499982417C86C00D07F2F /* SceneDelegate.swift in Sources */,
				D9FBE7DD2417D3CF00813FF6 /* Riddle.swift in Sources */,
			);
			runOnlyForDeploymentPostprocessing = 0;
		};
/* End PBXSourcesBuildPhase section */

/* Begin PBXVariantGroup section */
		D934999B2417C86C00D07F2F /* Main.storyboard */ = {
			isa = PBXVariantGroup;
			children = (
				D934999C2417C86C00D07F2F /* Base */,
			);
			name = Main.storyboard;
			sourceTree = "<group>";
		};
		D93499A02417C86D00D07F2F /* LaunchScreen.storyboard */ = {
			isa = PBXVariantGroup;
			children = (
				D93499A12417C86D00D07F2F /* Base */,
			);
			name = LaunchScreen.storyboard;
			sourceTree = "<group>";
		};
/* End PBXVariantGroup section */

/* Begin XCBuildConfiguration section */
		D93499A42417C86D00D07F2F /* Debug */ = {
			isa = XCBuildConfiguration;
			buildSettings = {
				ALWAYS_SEARCH_USER_PATHS = NO;
				CLANG_ANALYZER_NONNULL = YES;
				CLANG_ANALYZER_NUMBER_OBJECT_CONVERSION = YES_AGGRESSIVE;
				CLANG_CXX_LANGUAGE_STANDARD = "gnu++14";
				CLANG_CXX_LIBRARY = "libc++";
				CLANG_ENABLE_MODULES = YES;
				CLANG_ENABLE_OBJC_ARC = YES;
				CLANG_ENABLE_OBJC_WEAK = YES;
				CLANG_WARN_BLOCK_CAPTURE_AUTORELEASING = YES;
				CLANG_WARN_BOOL_CONVERSION = YES;
				CLANG_WARN_COMMA = YES;
				CLANG_WARN_CONSTANT_CONVERSION = YES;
				CLANG_WARN_DEPRECATED_OBJC_IMPLEMENTATIONS = YES;
				CLANG_WARN_DIRECT_OBJC_ISA_USAGE = YES_ERROR;
				CLANG_WARN_DOCUMENTATION_COMMENTS = YES;
				CLANG_WARN_EMPTY_BODY = YES;
				CLANG_WARN_ENUM_CONVERSION = YES;
				CLANG_WARN_INFINITE_RECURSION = YES;
				CLANG_WARN_INT_CONVERSION = YES;
				CLANG_WARN_NON_LITERAL_NULL_CONVERSION = YES;
				CLANG_WARN_OBJC_IMPLICIT_RETAIN_SELF = YES;
				CLANG_WARN_OBJC_LITERAL_CONVERSION = YES;
				CLANG_WARN_OBJC_ROOT_CLASS = YES_ERROR;
				CLANG_WARN_RANGE_LOOP_ANALYSIS = YES;
				CLANG_WARN_STRICT_PROTOTYPES = YES;
				CLANG_WARN_SUSPICIOUS_MOVE = YES;
				CLANG_WARN_UNGUARDED_AVAILABILITY = YES_AGGRESSIVE;
				CLANG_WARN_UNREACHABLE_CODE = YES;
				CLANG_WARN__DUPLICATE_METHOD_MATCH = YES;
				COPY_PHASE_STRIP = NO;
				DEBUG_INFORMATION_FORMAT = dwarf;
				ENABLE_STRICT_OBJC_MSGSEND = YES;
				ENABLE_TESTABILITY = YES;
				GCC_C_LANGUAGE_STANDARD = gnu11;
				GCC_DYNAMIC_NO_PIC = NO;
				GCC_NO_COMMON_BLOCKS = YES;
				GCC_OPTIMIZATION_LEVEL = 0;
				GCC_PREPROCESSOR_DEFINITIONS = (
					"DEBUG=1",
					"$(inherited)",
				);
				GCC_WARN_64_TO_32_BIT_CONVERSION = YES;
				GCC_WARN_ABOUT_RETURN_TYPE = YES_ERROR;
				GCC_WARN_UNDECLARED_SELECTOR = YES;
				GCC_WARN_UNINITIALIZED_AUTOS = YES_AGGRESSIVE;
				GCC_WARN_UNUSED_FUNCTION = YES;
				GCC_WARN_UNUSED_VARIABLE = YES;
				IPHONEOS_DEPLOYMENT_TARGET = 13.2;
				MTL_ENABLE_DEBUG_INFO = INCLUDE_SOURCE;
				MTL_FAST_MATH = YES;
				ONLY_ACTIVE_ARCH = YES;
				SDKROOT = iphoneos;
				SWIFT_ACTIVE_COMPILATION_CONDITIONS = DEBUG;
				SWIFT_OPTIMIZATION_LEVEL = "-Onone";
			};
			name = Debug;
		};
		D93499A52417C86D00D07F2F /* Release */ = {
			isa = XCBuildConfiguration;
			buildSettings = {
				ALWAYS_SEARCH_USER_PATHS = NO;
				CLANG_ANALYZER_NONNULL = YES;
				CLANG_ANALYZER_NUMBER_OBJECT_CONVERSION = YES_AGGRESSIVE;
				CLANG_CXX_LANGUAGE_STANDARD = "gnu++14";
				CLANG_CXX_LIBRARY = "libc++";
				CLANG_ENABLE_MODULES = YES;
				CLANG_ENABLE_OBJC_ARC = YES;
				CLANG_ENABLE_OBJC_WEAK = YES;
				CLANG_WARN_BLOCK_CAPTURE_AUTORELEASING = YES;
				CLANG_WARN_BOOL_CONVERSION = YES;
				CLANG_WARN_COMMA = YES;
				CLANG_WARN_CONSTANT_CONVERSION = YES;
				CLANG_WARN_DEPRECATED_OBJC_IMPLEMENTATIONS = YES;
				CLANG_WARN_DIRECT_OBJC_ISA_USAGE = YES_ERROR;
				CLANG_WARN_DOCUMENTATION_COMMENTS = YES;
				CLANG_WARN_EMPTY_BODY = YES;
				CLANG_WARN_ENUM_CONVERSION = YES;
				CLANG_WARN_INFINITE_RECURSION = YES;
				CLANG_WARN_INT_CONVERSION = YES;
				CLANG_WARN_NON_LITERAL_NULL_CONVERSION = YES;
				CLANG_WARN_OBJC_IMPLICIT_RETAIN_SELF = YES;
				CLANG_WARN_OBJC_LITERAL_CONVERSION = YES;
				CLANG_WARN_OBJC_ROOT_CLASS = YES_ERROR;
				CLANG_WARN_RANGE_LOOP_ANALYSIS = YES;
				CLANG_WARN_STRICT_PROTOTYPES = YES;
				CLANG_WARN_SUSPICIOUS_MOVE = YES;
				CLANG_WARN_UNGUARDED_AVAILABILITY = YES_AGGRESSIVE;
				CLANG_WARN_UNREACHABLE_CODE = YES;
				CLANG_WARN__DUPLICATE_METHOD_MATCH = YES;
				COPY_PHASE_STRIP = NO;
				DEBUG_INFORMATION_FORMAT = "dwarf-with-dsym";
				ENABLE_NS_ASSERTIONS = NO;
				ENABLE_STRICT_OBJC_MSGSEND = YES;
				GCC_C_LANGUAGE_STANDARD = gnu11;
				GCC_NO_COMMON_BLOCKS = YES;
				GCC_WARN_64_TO_32_BIT_CONVERSION = YES;
				GCC_WARN_ABOUT_RETURN_TYPE = YES_ERROR;
				GCC_WARN_UNDECLARED_SELECTOR = YES;
				GCC_WARN_UNINITIALIZED_AUTOS = YES_AGGRESSIVE;
				GCC_WARN_UNUSED_FUNCTION = YES;
				GCC_WARN_UNUSED_VARIABLE = YES;
				IPHONEOS_DEPLOYMENT_TARGET = 13.2;
				MTL_ENABLE_DEBUG_INFO = NO;
				MTL_FAST_MATH = YES;
				SDKROOT = iphoneos;
				SWIFT_COMPILATION_MODE = wholemodule;
				SWIFT_OPTIMIZATION_LEVEL = "-O";
				VALIDATE_PRODUCT = YES;
			};
			name = Release;
		};
		D93499A72417C86D00D07F2F /* Debug */ = {
			isa = XCBuildConfiguration;
			buildSettings = {
				ASSETCATALOG_COMPILER_APPICON_NAME = AppIcon;
				CODE_SIGN_STYLE = Automatic;
				INFOPLIST_FILE = TahirUzun_Assignment8/Info.plist;
				LD_RUNPATH_SEARCH_PATHS = (
					"$(inherited)",
					"@executable_path/Frameworks",
				);
				PRODUCT_BUNDLE_IDENTIFIER = "com.TahirUzun.TahirUzun-Assignment8";
				PRODUCT_NAME = "$(TARGET_NAME)";
				SWIFT_VERSION = 5.0;
				TARGETED_DEVICE_FAMILY = "1,2";
			};
			name = Debug;
		};
		D93499A82417C86D00D07F2F /* Release */ = {
			isa = XCBuildConfiguration;
			buildSettings = {
				ASSETCATALOG_COMPILER_APPICON_NAME = AppIcon;
				CODE_SIGN_STYLE = Automatic;
				INFOPLIST_FILE = TahirUzun_Assignment8/Info.plist;
				LD_RUNPATH_SEARCH_PATHS = (
					"$(inherited)",
					"@executable_path/Frameworks",
				);
				PRODUCT_BUNDLE_IDENTIFIER = "com.TahirUzun.TahirUzun-Assignment8";
				PRODUCT_NAME = "$(TARGET_NAME)";
				SWIFT_VERSION = 5.0;
				TARGETED_DEVICE_FAMILY = "1,2";
			};
			name = Release;
		};
/* End XCBuildConfiguration section */

/* Begin XCConfigurationList section */
		D934998D2417C86C00D07F2F /* Build configuration list for PBXProject "TahirUzun_Assignment8" */ = {
			isa = XCConfigurationList;
			buildConfigurations = (
				D93499A42417C86D00D07F2F /* Debug */,
				D93499A52417C86D00D07F2F /* Release */,
			);
			defaultConfigurationIsVisible = 0;
			defaultConfigurationName = Release;
		};
		D93499A62417C86D00D07F2F /* Build configuration list for PBXNativeTarget "TahirUzun_Assignment8" */ = {
			isa = XCConfigurationList;
			buildConfigurations = (
				D93499A72417C86D00D07F2F /* Debug */,
				D93499A82417C86D00D07F2F /* Release */,
			);
			defaultConfigurationIsVisible = 0;
			defaultConfigurationName = Release;
		};
/* End XCConfigurationList section */
	};
	rootObject = D934998A2417C86C00D07F2F /* Project object */;
}
